
Microsoft Visual Studio Solution File, Format Version 12.00
# Visual Studio Version 16
VisualStudioVersion = 16.0.30309.148
MinimumVisualStudioVersion = 10.0.40219.1
Project("{FAE04EC0-301F-11D3-BF4B-00C04F79EFBC}") = "StorageApp", "StorageApp\StorageApp.csproj", "{E5510158-2FEF-4110-8459-747240D96F3A}"
EndProject
Project("{00D1A9C2-B5F0-4AF3-8072-F6C62B433612}") = "StorageDatabase", "StorageDatabase\StorageDatabase.sqlproj", "{95E17FEB-4084-44FE-A316-A5E944899408}"
EndProject
Global
	GlobalSection(SolutionConfigurationPlatforms) = preSolution
		Debug|Any CPU = Debug|Any CPU
		Release|Any CPU = Release|Any CPU
	EndGlobalSection
	GlobalSection(ProjectConfigurationPlatforms) = postSolution
		{E5510158-2FEF-4110-8459-747240D96F3A}.Debug|Any CPU.ActiveCfg = Debug|Any CPU
		{E5510158-2FEF-4110-8459-747240D96F3A}.Debug|Any CPU.Build.0 = Debug|Any CPU
		{E5510158-2FEF-4110-8459-747240D96F3A}.Release|Any CPU.ActiveCfg = Release|Any CPU
		{E5510158-2FEF-4110-8459-747240D96F3A}.Release|Any CPU.Build.0 = Release|Any CPU
		{95E17FEB-4084-44FE-A316-A5E944899408}.Debug|Any CPU.ActiveCfg = Debug|Any CPU
		{95E17FEB-4084-44FE-A316-A5E944899408}.Debug|Any CPU.Build.0 = Debug|Any CPU
		{95E17FEB-4084-44FE-A316-A5E944899408}.Debug|Any CPU.Deploy.0 = Debug|Any CPU
		{95E17FEB-4084-44FE-A316-A5E944899408}.Release|Any CPU.ActiveCfg = Release|Any CPU
		{95E17FEB-4084-44FE-A316-A5E944899408}.Release|Any CPU.Build.0 = Release|Any CPU
		{95E17FEB-4084-44FE-A316-A5E944899408}.Release|Any CPU.Deploy.0 = Release|Any CPU
	EndGlobalSection
	GlobalSection(SolutionProperties) = preSolution
		HideSolutionNode = FALSE
	EndGlobalSection
	GlobalSection(ExtensibilityGlobals) = postSolution
		SolutionGuid = {731D7658-2219-4BB3-A502-6C3F52ECA063}
	EndGlobalSection
EndGlobal
